
Microsoft Visual Studio Solution File, Format Version 12.00
# Visual Studio Version 17
VisualStudioVersion = 17.2.32516.85
MinimumVisualStudioVersion = 10.0.40219.1
Project("{FAE04EC0-301F-11D3-BF4B-00C04F79EFBC}") = "Foundation-CSharp", "Foundation-CSharp\Foundation-CSharp.csproj", "{5B82A7BE-7B15-46AA-AB68-389BBE345FD9}"
EndProject
Project("{FAE04EC0-301F-11D3-BF4B-00C04F79EFBC}") = "Basics1", "Basics1\Basics1.csproj", "{C1148A2F-DB10-44D5-A3B7-D80AAA7F6E91}"
EndProject
Project("{FAE04EC0-301F-11D3-BF4B-00C04F79EFBC}") = "Basics2", "Basics2\Basics2.csproj", "{D1EF24D0-5B47-4484-9529-C3F55CBBFB1A}"
EndProject
Project("{FAE04EC0-301F-11D3-BF4B-00C04F79EFBC}") = "Basics3", "Basics3\Basics3.csproj", "{DEDE445B-B554-4998-8133-509408922715}"
EndProject
Project("{FAE04EC0-301F-11D3-BF4B-00C04F79EFBC}") = "Basics4", "Basics4\Basics4.csproj", "{8058ADCF-BA34-4523-9612-0315829DDEBA}"
EndProject
Project("{FAE04EC0-301F-11D3-BF4B-00C04F79EFBC}") = "Basics5", "Basics5\Basics5.csproj", "{2AB6A876-BC71-44DB-89F8-D3212AA42FAA}"
EndProject
Project("{FAE04EC0-301F-11D3-BF4B-00C04F79EFBC}") = "Basics6", "Basics6\Basics6.csproj", "{D0069B8D-16EA-4E81-A300-6413B607BCE7}"
EndProject
Project("{FAE04EC0-301F-11D3-BF4B-00C04F79EFBC}") = "Basics7", "Basics7\Basics7.csproj", "{5DDF0B27-4CF0-4443-9A85-A69537BE1165}"
EndProject
Project("{FAE04EC0-301F-11D3-BF4B-00C04F79EFBC}") = "Basics8", "Basics8\Basics8.csproj", "{9F605BC3-CB66-4844-AAE1-D02319946AC5}"
EndProject
Project("{FAE04EC0-301F-11D3-BF4B-00C04F79EFBC}") = "Basics9", "Basics9\Basics9.csproj", "{D41A47AB-8B37-49FD-97BF-B01979C88DEF}"
EndProject
Project("{FAE04EC0-301F-11D3-BF4B-00C04F79EFBC}") = "Basics10", "Basics10\Basics10.csproj", "{720905E5-D0E8-473D-BDF2-B36495C31243}"
EndProject
Global
	GlobalSection(SolutionConfigurationPlatforms) = preSolution
		Debug|Any CPU = Debug|Any CPU
		Release|Any CPU = Release|Any CPU
	EndGlobalSection
	GlobalSection(ProjectConfigurationPlatforms) = postSolution
		{5B82A7BE-7B15-46AA-AB68-389BBE345FD9}.Debug|Any CPU.ActiveCfg = Debug|Any CPU
		{5B82A7BE-7B15-46AA-AB68-389BBE345FD9}.Debug|Any CPU.Build.0 = Debug|Any CPU
		{5B82A7BE-7B15-46AA-AB68-389BBE345FD9}.Release|Any CPU.ActiveCfg = Release|Any CPU
		{5B82A7BE-7B15-46AA-AB68-389BBE345FD9}.Release|Any CPU.Build.0 = Release|Any CPU
		{C1148A2F-DB10-44D5-A3B7-D80AAA7F6E91}.Debug|Any CPU.ActiveCfg = Debug|Any CPU
		{C1148A2F-DB10-44D5-A3B7-D80AAA7F6E91}.Debug|Any CPU.Build.0 = Debug|Any CPU
		{C1148A2F-DB10-44D5-A3B7-D80AAA7F6E91}.Release|Any CPU.ActiveCfg = Release|Any CPU
		{C1148A2F-DB10-44D5-A3B7-D80AAA7F6E91}.Release|Any CPU.Build.0 = Release|Any CPU
		{D1EF24D0-5B47-4484-9529-C3F55CBBFB1A}.Debug|Any CPU.ActiveCfg = Debug|Any CPU
		{D1EF24D0-5B47-4484-9529-C3F55CBBFB1A}.Debug|Any CPU.Build.0 = Debug|Any CPU
		{D1EF24D0-5B47-4484-9529-C3F55CBBFB1A}.Release|Any CPU.ActiveCfg = Release|Any CPU
		{D1EF24D0-5B47-4484-9529-C3F55CBBFB1A}.Release|Any CPU.Build.0 = Release|Any CPU
		{DEDE445B-B554-4998-8133-509408922715}.Debug|Any CPU.ActiveCfg = Debug|Any CPU
		{DEDE445B-B554-4998-8133-509408922715}.Debug|Any CPU.Build.0 = Debug|Any CPU
		{DEDE445B-B554-4998-8133-509408922715}.Release|Any CPU.ActiveCfg = Release|Any CPU
		{DEDE445B-B554-4998-8133-509408922715}.Release|Any CPU.Build.0 = Release|Any CPU
		{8058ADCF-BA34-4523-9612-0315829DDEBA}.Debug|Any CPU.ActiveCfg = Debug|Any CPU
		{8058ADCF-BA34-4523-9612-0315829DDEBA}.Debug|Any CPU.Build.0 = Debug|Any CPU
		{8058ADCF-BA34-4523-9612-0315829DDEBA}.Release|Any CPU.ActiveCfg = Release|Any CPU
		{8058ADCF-BA34-4523-9612-0315829DDEBA}.Release|Any CPU.Build.0 = Release|Any CPU
		{2AB6A876-BC71-44DB-89F8-D3212AA42FAA}.Debug|Any CPU.ActiveCfg = Debug|Any CPU
		{2AB6A876-BC71-44DB-89F8-D3212AA42FAA}.Debug|Any CPU.Build.0 = Debug|Any CPU
		{2AB6A876-BC71-44DB-89F8-D3212AA42FAA}.Release|Any CPU.ActiveCfg = Release|Any CPU
		{2AB6A876-BC71-44DB-89F8-D3212AA42FAA}.Release|Any CPU.Build.0 = Release|Any CPU
		{D0069B8D-16EA-4E81-A300-6413B607BCE7}.Debug|Any CPU.ActiveCfg = Debug|Any CPU
		{D0069B8D-16EA-4E81-A300-6413B607BCE7}.Debug|Any CPU.Build.0 = Debug|Any CPU
		{D0069B8D-16EA-4E81-A300-6413B607BCE7}.Release|Any CPU.ActiveCfg = Release|Any CPU
		{D0069B8D-16EA-4E81-A300-6413B607BCE7}.Release|Any CPU.Build.0 = Release|Any CPU
		{5DDF0B27-4CF0-4443-9A85-A69537BE1165}.Debug|Any CPU.ActiveCfg = Debug|Any CPU
		{5DDF0B27-4CF0-4443-9A85-A69537BE1165}.Debug|Any CPU.Build.0 = Debug|Any CPU
		{5DDF0B27-4CF0-4443-9A85-A69537BE1165}.Release|Any CPU.ActiveCfg = Release|Any CPU
		{5DDF0B27-4CF0-4443-9A85-A69537BE1165}.Release|Any CPU.Build.0 = Release|Any CPU
		{9F605BC3-CB66-4844-AAE1-D02319946AC5}.Debug|Any CPU.ActiveCfg = Debug|Any CPU
		{9F605BC3-CB66-4844-AAE1-D02319946AC5}.Debug|Any CPU.Build.0 = Debug|Any CPU
		{9F605BC3-CB66-4844-AAE1-D02319946AC5}.Release|Any CPU.ActiveCfg = Release|Any CPU
		{9F605BC3-CB66-4844-AAE1-D02319946AC5}.Release|Any CPU.Build.0 = Release|Any CPU
		{D41A47AB-8B37-49FD-97BF-B01979C88DEF}.Debug|Any CPU.ActiveCfg = Debug|Any CPU
		{D41A47AB-8B37-49FD-97BF-B01979C88DEF}.Debug|Any CPU.Build.0 = Debug|Any CPU
		{D41A47AB-8B37-49FD-97BF-B01979C88DEF}.Release|Any CPU.ActiveCfg = Release|Any CPU
		{D41A47AB-8B37-49FD-97BF-B01979C88DEF}.Release|Any CPU.Build.0 = Release|Any CPU
		{720905E5-D0E8-473D-BDF2-B36495C31243}.Debug|Any CPU.ActiveCfg = Debug|Any CPU
		{720905E5-D0E8-473D-BDF2-B36495C31243}.Debug|Any CPU.Build.0 = Debug|Any CPU
		{720905E5-D0E8-473D-BDF2-B36495C31243}.Release|Any CPU.ActiveCfg = Release|Any CPU
		{720905E5-D0E8-473D-BDF2-B36495C31243}.Release|Any CPU.Build.0 = Release|Any CPU
	EndGlobalSection
	GlobalSection(SolutionProperties) = preSolution
		HideSolutionNode = FALSE
	EndGlobalSection
	GlobalSection(ExtensibilityGlobals) = postSolution
		SolutionGuid = {0BD19BD7-E22B-4C1D-BC11-4635E9F6C472}
	EndGlobalSection
EndGlobal
